
Microsoft Visual Studio Solution File, Format Version 12.00
# Visual Studio Version 17
VisualStudioVersion = 17.9.34714.143
MinimumVisualStudioVersion = 10.0.40219.1
Project("{FAE04EC0-301F-11D3-BF4B-00C04F79EFBC}") = "MunicipalServicesApp", "MunicipalServicesApp\MunicipalServicesApp.csproj", "{C9D48378-2137-4D06-AB3C-9D1AEE7A0A00}"
EndProject
Global
	GlobalSection(SolutionConfigurationPlatforms) = preSolution
		Debug|Any CPU = Debug|Any CPU
		Release|Any CPU = Release|Any CPU
	EndGlobalSection
	GlobalSection(ProjectConfigurationPlatforms) = postSolution
		{C9D48378-2137-4D06-AB3C-9D1AEE7A0A00}.Debug|Any CPU.ActiveCfg = Debug|Any CPU
		{C9D48378-2137-4D06-AB3C-9D1AEE7A0A00}.Debug|Any CPU.Build.0 = Debug|Any CPU
		{C9D48378-2137-4D06-AB3C-9D1AEE7A0A00}.Release|Any CPU.ActiveCfg = Release|Any CPU
		{C9D48378-2137-4D06-AB3C-9D1AEE7A0A00}.Release|Any CPU.Build.0 = Release|Any CPU
	EndGlobalSection
	GlobalSection(SolutionProperties) = preSolution
		HideSolutionNode = FALSE
	EndGlobalSection
	GlobalSection(ExtensibilityGlobals) = postSolution
		SolutionGuid = {296B7033-7637-42E5-A811-47A15E063514}
	EndGlobalSection
EndGlobal
